
Microsoft Visual Studio Solution File, Format Version 12.00
# Visual Studio 14
VisualStudioVersion = 14.0.23107.0
MinimumVisualStudioVersion = 10.0.40219.1
Project("{2150E333-8FDC-42A3-9474-1A3956D46DE8}") = "1.Libraries", "1.Libraries", "{2451F7E8-5604-484C-980C-BEBC6B9691FC}"
EndProject
Project("{2150E333-8FDC-42A3-9474-1A3956D46DE8}") = "2.Presentation", "2.Presentation", "{901A22D9-BDBB-4483-A3D5-634279111825}"
EndProject
Project("{2150E333-8FDC-42A3-9474-1A3956D46DE8}") = "3.Strategies", "3.Strategies", "{8853BC47-392A-4EA6-9A6E-B9B98AA111E2}"
EndProject
Project("{FAE04EC0-301F-11D3-BF4B-00C04F79EFBC}") = "MyTiptop.Core", "Libraries\MyTiptop.Core\MyTiptop.Core.csproj", "{2D71EBCA-5F56-4057-988F-FFF948B63A3C}"
EndProject
Project("{FAE04EC0-301F-11D3-BF4B-00C04F79EFBC}") = "MyTiptop.Services", "Libraries\MyTiptop.Services\MyTiptop.Services.csproj", "{66C55ADD-692D-4324-A8BD-550DD48423F8}"
EndProject
Project("{FAE04EC0-301F-11D3-BF4B-00C04F79EFBC}") = "MyTiptop.ConfigStrategy.File", "Strategies\MyTiptop.ConfigStrategy.File\MyTiptop.ConfigStrategy.File.csproj", "{5065D399-BF89-432F-BA9D-2B30226E6668}"
EndProject
Project("{FAE04EC0-301F-11D3-BF4B-00C04F79EFBC}") = "MyTiptop.RandomStrategy.QAMall", "Strategies\MyTiptop.RandomStrategy.QAMall\MyTiptop.RandomStrategy.QAMall.csproj", "{2D852F68-8293-4214-AEF7-970AB82E67AD}"
EndProject
Project("{FAE04EC0-301F-11D3-BF4B-00C04F79EFBC}") = "MyTiptop.RDBSStrategy.SqlServer", "Strategies\MyTiptop.RDBSStrategy.SqlServer\MyTiptop.RDBSStrategy.SqlServer.csproj", "{C2318EB9-E872-4EA7-ABC2-E1B83C58AB51}"
EndProject
Project("{FAE04EC0-301F-11D3-BF4B-00C04F79EFBC}") = "MyTiptop.SessionStrategy.AspNetCache", "Strategies\MyTiptop.SessionStrategy.AspNetCache\MyTiptop.SessionStrategy.AspNetCache.csproj", "{5604C4C3-D594-4A08-B55F-2560B1A12061}"
EndProject
Project("{FAE04EC0-301F-11D3-BF4B-00C04F79EFBC}") = "MyTiptop.Web.Framework", "Presentation\MyTiptop.Web.Framework\MyTiptop.Web.Framework.csproj", "{92B4FB7A-CDD2-4CBA-A3D6-69483C8CDA1C}"
EndProject
Project("{FAE04EC0-301F-11D3-BF4B-00C04F79EFBC}") = "MyTiptop.Web", "Presentation\MyTiptop.Web\MyTiptop.Web.csproj", "{6F2FD665-1701-44FD-9FD1-283B85253F64}"
EndProject
Project("{FAE04EC0-301F-11D3-BF4B-00C04F79EFBC}") = "MyTiptop.Web.MallAdmin", "Presentation\MyTiptop.Web\admin_mall\MyTiptop.Web.MallAdmin.csproj", "{449E849A-E852-4FB2-8F1B-CF8267744B4A}"
EndProject
Project("{FAE04EC0-301F-11D3-BF4B-00C04F79EFBC}") = "MyTiptop.OraCore", "Libraries\MyTiptop.OraCore\MyTiptop.OraCore.csproj", "{21C655D3-3540-4EA1-BCF5-5DFAB28597C1}"
EndProject
Project("{FAE04EC0-301F-11D3-BF4B-00C04F79EFBC}") = "MyTiptop.OraData", "Libraries\MyTiptop.OraData\MyTiptop.OraData.csproj", "{EA3BDFC8-3AAB-45F4-ACE3-C658B595F766}"
EndProject
Project("{FAE04EC0-301F-11D3-BF4B-00C04F79EFBC}") = "MyTiptop.MysqlData", "Libraries\MyTiptop.MysqlData\MyTiptop.MysqlData.csproj", "{5265273F-6253-4160-A08F-3CA3119E0FA5}"
EndProject
Project("{FAE04EC0-301F-11D3-BF4B-00C04F79EFBC}") = "MyTiptop.WinForm", "Presentation\MyTiptop.WinForm\MyTiptop.WinForm.csproj", "{9B6E3C3C-55AC-40C1-8AC7-3D2EB1E63EE1}"
EndProject
Project("{FAE04EC0-301F-11D3-BF4B-00C04F79EFBC}") = "MyTiptop.SupplierData", "Libraries\MyTiptop.SupplierData\MyTiptop.SupplierData.csproj", "{702E05ED-08A0-4F62-A233-009EAC01BD6D}"
EndProject
Project("{FAE04EC0-301F-11D3-BF4B-00C04F79EFBC}") = "MyTiptop.Data", "Libraries\MyTiptop.Data\MyTiptop.Data.csproj", "{783D2938-B359-4914-B638-52EE4ECF6551}"
EndProject
Project("{FAE04EC0-301F-11D3-BF4B-00C04F79EFBC}") = "MyTiptop.WinFormOA", "Presentation\MyTiptop.WinFormOA\MyTiptop.WinFormOA.csproj", "{A63F5FFF-9FA0-44F3-82F3-868EDBB75F90}"
EndProject
Global
	GlobalSection(SolutionConfigurationPlatforms) = preSolution
		Debug|Any CPU = Debug|Any CPU
		Release|Any CPU = Release|Any CPU
	EndGlobalSection
	GlobalSection(ProjectConfigurationPlatforms) = postSolution
		{2D71EBCA-5F56-4057-988F-FFF948B63A3C}.Debug|Any CPU.ActiveCfg = Debug|Any CPU
		{2D71EBCA-5F56-4057-988F-FFF948B63A3C}.Debug|Any CPU.Build.0 = Debug|Any CPU
		{2D71EBCA-5F56-4057-988F-FFF948B63A3C}.Release|Any CPU.ActiveCfg = Release|Any CPU
		{2D71EBCA-5F56-4057-988F-FFF948B63A3C}.Release|Any CPU.Build.0 = Release|Any CPU
		{66C55ADD-692D-4324-A8BD-550DD48423F8}.Debug|Any CPU.ActiveCfg = Debug|Any CPU
		{66C55ADD-692D-4324-A8BD-550DD48423F8}.Debug|Any CPU.Build.0 = Debug|Any CPU
		{66C55ADD-692D-4324-A8BD-550DD48423F8}.Release|Any CPU.ActiveCfg = Release|Any CPU
		{66C55ADD-692D-4324-A8BD-550DD48423F8}.Release|Any CPU.Build.0 = Release|Any CPU
		{5065D399-BF89-432F-BA9D-2B30226E6668}.Debug|Any CPU.ActiveCfg = Debug|Any CPU
		{5065D399-BF89-432F-BA9D-2B30226E6668}.Debug|Any CPU.Build.0 = Debug|Any CPU
		{5065D399-BF89-432F-BA9D-2B30226E6668}.Release|Any CPU.ActiveCfg = Release|Any CPU
		{5065D399-BF89-432F-BA9D-2B30226E6668}.Release|Any CPU.Build.0 = Release|Any CPU
		{2D852F68-8293-4214-AEF7-970AB82E67AD}.Debug|Any CPU.ActiveCfg = Debug|Any CPU
		{2D852F68-8293-4214-AEF7-970AB82E67AD}.Debug|Any CPU.Build.0 = Debug|Any CPU
		{2D852F68-8293-4214-AEF7-970AB82E67AD}.Release|Any CPU.ActiveCfg = Release|Any CPU
		{2D852F68-8293-4214-AEF7-970AB82E67AD}.Release|Any CPU.Build.0 = Release|Any CPU
		{C2318EB9-E872-4EA7-ABC2-E1B83C58AB51}.Debug|Any CPU.ActiveCfg = Debug|Any CPU
		{C2318EB9-E872-4EA7-ABC2-E1B83C58AB51}.Debug|Any CPU.Build.0 = Debug|Any CPU
		{C2318EB9-E872-4EA7-ABC2-E1B83C58AB51}.Release|Any CPU.ActiveCfg = Release|Any CPU
		{C2318EB9-E872-4EA7-ABC2-E1B83C58AB51}.Release|Any CPU.Build.0 = Release|Any CPU
		{5604C4C3-D594-4A08-B55F-2560B1A12061}.Debug|Any CPU.ActiveCfg = Debug|Any CPU
		{5604C4C3-D594-4A08-B55F-2560B1A12061}.Debug|Any CPU.Build.0 = Debug|Any CPU
		{5604C4C3-D594-4A08-B55F-2560B1A12061}.Release|Any CPU.ActiveCfg = Release|Any CPU
		{5604C4C3-D594-4A08-B55F-2560B1A12061}.Release|Any CPU.Build.0 = Release|Any CPU
		{92B4FB7A-CDD2-4CBA-A3D6-69483C8CDA1C}.Debug|Any CPU.ActiveCfg = Debug|Any CPU
		{92B4FB7A-CDD2-4CBA-A3D6-69483C8CDA1C}.Debug|Any CPU.Build.0 = Debug|Any CPU
		{92B4FB7A-CDD2-4CBA-A3D6-69483C8CDA1C}.Release|Any CPU.ActiveCfg = Release|Any CPU
		{92B4FB7A-CDD2-4CBA-A3D6-69483C8CDA1C}.Release|Any CPU.Build.0 = Release|Any CPU
		{6F2FD665-1701-44FD-9FD1-283B85253F64}.Debug|Any CPU.ActiveCfg = Debug|Any CPU
		{6F2FD665-1701-44FD-9FD1-283B85253F64}.Debug|Any CPU.Build.0 = Debug|Any CPU
		{6F2FD665-1701-44FD-9FD1-283B85253F64}.Release|Any CPU.ActiveCfg = Release|Any CPU
		{6F2FD665-1701-44FD-9FD1-283B85253F64}.Release|Any CPU.Build.0 = Release|Any CPU
		{449E849A-E852-4FB2-8F1B-CF8267744B4A}.Debug|Any CPU.ActiveCfg = Debug|Any CPU
		{449E849A-E852-4FB2-8F1B-CF8267744B4A}.Debug|Any CPU.Build.0 = Debug|Any CPU
		{449E849A-E852-4FB2-8F1B-CF8267744B4A}.Release|Any CPU.ActiveCfg = Release|Any CPU
		{449E849A-E852-4FB2-8F1B-CF8267744B4A}.Release|Any CPU.Build.0 = Release|Any CPU
		{21C655D3-3540-4EA1-BCF5-5DFAB28597C1}.Debug|Any CPU.ActiveCfg = Debug|Any CPU
		{21C655D3-3540-4EA1-BCF5-5DFAB28597C1}.Debug|Any CPU.Build.0 = Debug|Any CPU
		{21C655D3-3540-4EA1-BCF5-5DFAB28597C1}.Release|Any CPU.ActiveCfg = Release|Any CPU
		{21C655D3-3540-4EA1-BCF5-5DFAB28597C1}.Release|Any CPU.Build.0 = Release|Any CPU
		{EA3BDFC8-3AAB-45F4-ACE3-C658B595F766}.Debug|Any CPU.ActiveCfg = Debug|Any CPU
		{EA3BDFC8-3AAB-45F4-ACE3-C658B595F766}.Debug|Any CPU.Build.0 = Debug|Any CPU
		{EA3BDFC8-3AAB-45F4-ACE3-C658B595F766}.Release|Any CPU.ActiveCfg = Release|Any CPU
		{EA3BDFC8-3AAB-45F4-ACE3-C658B595F766}.Release|Any CPU.Build.0 = Release|Any CPU
		{5265273F-6253-4160-A08F-3CA3119E0FA5}.Debug|Any CPU.ActiveCfg = Debug|Any CPU
		{5265273F-6253-4160-A08F-3CA3119E0FA5}.Debug|Any CPU.Build.0 = Debug|Any CPU
		{5265273F-6253-4160-A08F-3CA3119E0FA5}.Release|Any CPU.ActiveCfg = Release|Any CPU
		{5265273F-6253-4160-A08F-3CA3119E0FA5}.Release|Any CPU.Build.0 = Release|Any CPU
		{9B6E3C3C-55AC-40C1-8AC7-3D2EB1E63EE1}.Debug|Any CPU.ActiveCfg = Debug|Any CPU
		{9B6E3C3C-55AC-40C1-8AC7-3D2EB1E63EE1}.Debug|Any CPU.Build.0 = Debug|Any CPU
		{9B6E3C3C-55AC-40C1-8AC7-3D2EB1E63EE1}.Release|Any CPU.ActiveCfg = Release|Any CPU
		{9B6E3C3C-55AC-40C1-8AC7-3D2EB1E63EE1}.Release|Any CPU.Build.0 = Release|Any CPU
		{702E05ED-08A0-4F62-A233-009EAC01BD6D}.Debug|Any CPU.ActiveCfg = Debug|Any CPU
		{702E05ED-08A0-4F62-A233-009EAC01BD6D}.Debug|Any CPU.Build.0 = Debug|Any CPU
		{702E05ED-08A0-4F62-A233-009EAC01BD6D}.Release|Any CPU.ActiveCfg = Release|Any CPU
		{702E05ED-08A0-4F62-A233-009EAC01BD6D}.Release|Any CPU.Build.0 = Release|Any CPU
		{783D2938-B359-4914-B638-52EE4ECF6551}.Debug|Any CPU.ActiveCfg = Debug|Any CPU
		{783D2938-B359-4914-B638-52EE4ECF6551}.Debug|Any CPU.Build.0 = Debug|Any CPU
		{783D2938-B359-4914-B638-52EE4ECF6551}.Release|Any CPU.ActiveCfg = Release|Any CPU
		{783D2938-B359-4914-B638-52EE4ECF6551}.Release|Any CPU.Build.0 = Release|Any CPU
		{A63F5FFF-9FA0-44F3-82F3-868EDBB75F90}.Debug|Any CPU.ActiveCfg = Debug|Any CPU
		{A63F5FFF-9FA0-44F3-82F3-868EDBB75F90}.Debug|Any CPU.Build.0 = Debug|Any CPU
		{A63F5FFF-9FA0-44F3-82F3-868EDBB75F90}.Release|Any CPU.ActiveCfg = Release|Any CPU
		{A63F5FFF-9FA0-44F3-82F3-868EDBB75F90}.Release|Any CPU.Build.0 = Release|Any CPU
	EndGlobalSection
	GlobalSection(SolutionProperties) = preSolution
		HideSolutionNode = FALSE
	EndGlobalSection
	GlobalSection(NestedProjects) = preSolution
		{2D71EBCA-5F56-4057-988F-FFF948B63A3C} = {2451F7E8-5604-484C-980C-BEBC6B9691FC}
		{66C55ADD-692D-4324-A8BD-550DD48423F8} = {2451F7E8-5604-484C-980C-BEBC6B9691FC}
		{5065D399-BF89-432F-BA9D-2B30226E6668} = {8853BC47-392A-4EA6-9A6E-B9B98AA111E2}
		{2D852F68-8293-4214-AEF7-970AB82E67AD} = {8853BC47-392A-4EA6-9A6E-B9B98AA111E2}
		{C2318EB9-E872-4EA7-ABC2-E1B83C58AB51} = {8853BC47-392A-4EA6-9A6E-B9B98AA111E2}
		{5604C4C3-D594-4A08-B55F-2560B1A12061} = {8853BC47-392A-4EA6-9A6E-B9B98AA111E2}
		{92B4FB7A-CDD2-4CBA-A3D6-69483C8CDA1C} = {901A22D9-BDBB-4483-A3D5-634279111825}
		{6F2FD665-1701-44FD-9FD1-283B85253F64} = {901A22D9-BDBB-4483-A3D5-634279111825}
		{449E849A-E852-4FB2-8F1B-CF8267744B4A} = {901A22D9-BDBB-4483-A3D5-634279111825}
		{21C655D3-3540-4EA1-BCF5-5DFAB28597C1} = {2451F7E8-5604-484C-980C-BEBC6B9691FC}
		{EA3BDFC8-3AAB-45F4-ACE3-C658B595F766} = {2451F7E8-5604-484C-980C-BEBC6B9691FC}
		{5265273F-6253-4160-A08F-3CA3119E0FA5} = {2451F7E8-5604-484C-980C-BEBC6B9691FC}
		{9B6E3C3C-55AC-40C1-8AC7-3D2EB1E63EE1} = {901A22D9-BDBB-4483-A3D5-634279111825}
		{702E05ED-08A0-4F62-A233-009EAC01BD6D} = {2451F7E8-5604-484C-980C-BEBC6B9691FC}
		{783D2938-B359-4914-B638-52EE4ECF6551} = {2451F7E8-5604-484C-980C-BEBC6B9691FC}
		{A63F5FFF-9FA0-44F3-82F3-868EDBB75F90} = {901A22D9-BDBB-4483-A3D5-634279111825}
	EndGlobalSection
EndGlobal
